PODS:
  - BouncyCastle-ObjC (0.1.0)
  - ConsolePrint (0.1.0)
  - DMSOpenPGP (0.1.2):
    - BouncyCastle-ObjC (~> 0.1.0)
    - OpenSSL-Universal (~> 1.0.2.17)
  - DMSOpenPGP/Tests (0.1.2):
    - BouncyCastle-ObjC (~> 0.1.0)
    - ConsolePrint
    - OpenSSL-Universal (~> 1.0.2.17)
  - OpenSSL-Universal (1.0.2.17)

DEPENDENCIES:
  - DMSOpenPGP (from `../`)
  - DMSOpenPGP/Tests (from `../`)

SPEC REPOS:
  https://github.com/cocoapods/specs.git:
    - BouncyCastle-ObjC
    - ConsolePrint
    - OpenSSL-Universal

EXTERNAL SOURCES:
  DMSOpenPGP:
    :path: "../"

SPEC CHECKSUMS:
  BouncyCastle-ObjC: e9e35f6cf5b1333f6ce4cc6bb5ab19cbf5dfc7aa
  ConsolePrint: 695d494f0a2595d1792ec19483f2aa16e4501c19
  DMSOpenPGP: 70a80b5de58e6481fcf7e8e8f256833309853006
  OpenSSL-Universal: ff04c2e6befc3f1247ae039e60c93f76345b3b5a

PODFILE CHECKSUM: fa96603078b662718d1e586c5b42addb3266bb0b

COCOAPODS: 1.7.1
